
Microsoft Visual Studio Solution File, Format Version 12.00
# Visual Studio Version 16
VisualStudioVersion = 16.0.31025.194
MinimumVisualStudioVersion = 10.0.40219.1
Project("{FAE04EC0-301F-11D3-BF4B-00C04F79EFBC}") = "Yoconda", "Yoconda.csproj", "{DD73F594-74E8-4E8F-B953-0FC728C4B36F}"
EndProject
Global
	GlobalSection(SolutionConfigurationPlatforms) = preSolution
		Debug|Any CPU = Debug|Any CPU
		Release|Any CPU = Release|Any CPU
	EndGlobalSection
	GlobalSection(ProjectConfigurationPlatforms) = postSolution
		{DD73F594-74E8-4E8F-B953-0FC728C4B36F}.Debug|Any CPU.ActiveCfg = Debug|Any CPU
		{DD73F594-74E8-4E8F-B953-0FC728C4B36F}.Debug|Any CPU.Build.0 = Debug|Any CPU
		{DD73F594-74E8-4E8F-B953-0FC728C4B36F}.Release|Any CPU.ActiveCfg = Release|Any CPU
		{DD73F594-74E8-4E8F-B953-0FC728C4B36F}.Release|Any CPU.Build.0 = Release|Any CPU
	EndGlobalSection
	GlobalSection(SolutionProperties) = preSolution
		HideSolutionNode = FALSE
	EndGlobalSection
	GlobalSection(ExtensibilityGlobals) = postSolution
		SolutionGuid = {0D967EFE-5E4E-49B1-A96A-1734E9768274}
	EndGlobalSection
EndGlobal
